// !$*UTF8*$!
{
	archiveVersion = 1;
	classes = {
	};
	objectVersion = 50;
	objects = {

/* Begin PBXBuildFile section */
		D963CC3F25800F47000A498C /* DealtCardsView.swift in Sources */ = {isa = PBXBuildFile; fileRef = D963CC3E25800F47000A498C /* DealtCardsView.swift */; };
		D963CC422580127C000A498C /* DealtCardsDealerView.swift in Sources */ = {isa = PBXBuildFile; fileRef = D963CC412580127C000A498C /* DealtCardsDealerView.swift */; };
		D96DDB9D25792E6700906CEB /* DeckOfCardsView.swift in Sources */ = {isa = PBXBuildFile; fileRef = D96DDB9C25792E6600906CEB /* DeckOfCardsView.swift */; };
		D96DDBA02579350500906CEB /* DrawnCardResponse.swift in Sources */ = {isa = PBXBuildFile; fileRef = D96DDB9F2579350500906CEB /* DrawnCardResponse.swift */; };
		D9EBF2DD257555B900B1170C /* CardsApp.swift in Sources */ = {isa = PBXBuildFile; fileRef = D9EBF2DC257555B900B1170C /* CardsApp.swift */; };
		D9EBF2DF257555B900B1170C /* ContentView.swift in Sources */ = {isa = PBXBuildFile; fileRef = D9EBF2DE257555B900B1170C /* ContentView.swift */; };
		D9EBF2E1257555BC00B1170C /* Assets.xcassets in Resources */ = {isa = PBXBuildFile; fileRef = D9EBF2E0257555BC00B1170C /* Assets.xcassets */; };
		D9EBF2E4257555BC00B1170C /* Preview Assets.xcassets in Resources */ = {isa = PBXBuildFile; fileRef = D9EBF2E3257555BC00B1170C /* Preview Assets.xcassets */; };
		D9FB4F8A258266F50060038A /* MainMenuView.swift in Sources */ = {isa = PBXBuildFile; fileRef = D9FB4F89258266F50060038A /* MainMenuView.swift */; };
/* End PBXBuildFile section */

/* Begin PBXFileReference section */
		D963CC3E25800F47000A498C /* DealtCardsView.swift */ = {isa = PBXFileReference; lastKnownFileType = sourcecode.swift; path = DealtCardsView.swift; sourceTree = "<group>"; };
		D963CC412580127C000A498C /* DealtCardsDealerView.swift */ = {isa = PBXFileReference; lastKnownFileType = sourcecode.swift; path = DealtCardsDealerView.swift; sourceTree = "<group>"; };
		D96DDB9C25792E6600906CEB /* DeckOfCardsView.swift */ = {isa = PBXFileReference; lastKnownFileType = sourcecode.swift; path = DeckOfCardsView.swift; sourceTree = "<group>"; };
		D96DDB9F2579350500906CEB /* DrawnCardResponse.swift */ = {isa = PBXFileReference; lastKnownFileType = sourcecode.swift; path = DrawnCardResponse.swift; sourceTree = "<group>"; };
		D9EBF2D9257555B900B1170C /* Cards.app */ = {isa = PBXFileReference; explicitFileType = wrapper.application; includeInIndex = 0; path = Cards.app; sourceTree = BUILT_PRODUCTS_DIR; };
		D9EBF2DC257555B900B1170C /* CardsApp.swift */ = {isa = PBXFileReference; lastKnownFileType = sourcecode.swift; path = CardsApp.swift; sourceTree = "<group>"; };
		D9EBF2DE257555B900B1170C /* ContentView.swift */ = {isa = PBXFileReference; lastKnownFileType = sourcecode.swift; path = ContentView.swift; sourceTree = "<group>"; };
		D9EBF2E0257555BC00B1170C /* Assets.xcassets */ = {isa = PBXFileReference; lastKnownFileType = folder.assetcatalog; path = Assets.xcassets; sourceTree = "<group>"; };
		D9EBF2E3257555BC00B1170C /* Preview Assets.xcassets */ = {isa = PBXFileReference; lastKnownFileType = folder.assetcatalog; path = "Preview Assets.xcassets"; sourceTree = "<group>"; };
		D9EBF2E5257555BC00B1170C /* Info.plist */ = {isa = PBXFileReference; lastKnownFileType = text.plist.xml; path = Info.plist; sourceTree = "<group>"; };
		D9FB4F89258266F50060038A /* MainMenuView.swift */ = {isa = PBXFileReference; lastKnownFileType = sourcecode.swift; path = MainMenuView.swift; sourceTree = "<group>"; };
/* End PBXFileReference section */

/* Begin PBXFrameworksBuildPhase section */
		D9EBF2D6257555B900B1170C /* Frameworks */ = {
			isa = PBXFrameworksBuildPhase;
			buildActionMask = 2147483647;
			files = (
			);
			runOnlyForDeploymentPostprocessing = 0;
		};
/* End PBXFrameworksBuildPhase section */

/* Begin PBXGroup section */
		D9EBF2D0257555B900B1170C = {
			isa = PBXGroup;
			children = (
				D9EBF2DB257555B900B1170C /* Cards */,
				D9EBF2DA257555B900B1170C /* Products */,
			);
			sourceTree = "<group>";
		};
		D9EBF2DA257555B900B1170C /* Products */ = {
			isa = PBXGroup;
			children = (
				D9EBF2D9257555B900B1170C /* Cards.app */,
			);
			name = Products;
			sourceTree = "<group>";
		};
		D9EBF2DB257555B900B1170C /* Cards */ = {
			isa = PBXGroup;
			children = (
				D9EBF2DC257555B900B1170C /* CardsApp.swift */,
				D9FB4F89258266F50060038A /* MainMenuView.swift */,
				D9EBF2DE257555B900B1170C /* ContentView.swift */,
				D9EBF2E0257555BC00B1170C /* Assets.xcassets */,
				D9EBF2E5257555BC00B1170C /* Info.plist */,
				D9EBF2E2257555BC00B1170C /* Preview Content */,
				D96DDB9C25792E6600906CEB /* DeckOfCardsView.swift */,
				D96DDB9F2579350500906CEB /* DrawnCardResponse.swift */,
				D963CC3E25800F47000A498C /* DealtCardsView.swift */,
				D963CC412580127C000A498C /* DealtCardsDealerView.swift */,
			);
			path = Cards;
			sourceTree = "<group>";
		};
		D9EBF2E2257555BC00B1170C /* Preview Content */ = {
			isa = PBXGroup;
			children = (
				D9EBF2E3257555BC00B1170C /* Preview Assets.xcassets */,
			);
			path = "Preview Content";
			sourceTree = "<group>";
		};
/* End PBXGroup section */

/* Begin PBXNativeTarget section */
		D9EBF2D8257555B900B1170C /* Cards */ = {
			isa = PBXNativeTarget;
			buildConfigurationList = D9EBF2E8257555BC00B1170C /* Build configuration list for PBXNativeTarget "Cards" */;
			buildPhases = (
				D9EBF2D5257555B900B1170C /* Sources */,
				D9EBF2D6257555B900B1170C /* Frameworks */,
				D9EBF2D7257555B900B1170C /* Resources */,
			);
			buildRules = (
			);
			dependencies = (
			);
			name = Cards;
			productName = Cards;
			productReference = D9EBF2D9257555B900B1170C /* Cards.app */;
			productType = "com.apple.product-type.application";
		};
/* End PBXNativeTarget section */

/* Begin PBXProject section */
		D9EBF2D1257555B900B1170C /* Project object */ = {
			isa = PBXProject;
			attributes = {
				LastSwiftUpdateCheck = 1200;
				LastUpgradeCheck = 1200;
				TargetAttributes = {
					D9EBF2D8257555B900B1170C = {
						CreatedOnToolsVersion = 12.0.1;
					};
				};
			};
			buildConfigurationList = D9EBF2D4257555B900B1170C /* Build configuration list for PBXProject "Cards" */;
			compatibilityVersion = "Xcode 9.3";
			developmentRegion = en;
			hasScannedForEncodings = 0;
			knownRegions = (
				en,
				Base,
			);
			mainGroup = D9EBF2D0257555B900B1170C;
			productRefGroup = D9EBF2DA257555B900B1170C /* Products */;
			projectDirPath = "";
			projectRoot = "";
			targets = (
				D9EBF2D8257555B900B1170C /* Cards */,
			);
		};
/* End PBXProject section */

/* Begin PBXResourcesBuildPhase section */
		D9EBF2D7257555B900B1170C /* Resources */ = {
			isa = PBXResourcesBuildPhase;
			buildActionMask = 2147483647;
			files = (
				D9EBF2E4257555BC00B1170C /* Preview Assets.xcassets in Resources */,
				D9EBF2E1257555BC00B1170C /* Assets.xcassets in Resources */,
			);
			runOnlyForDeploymentPostprocessing = 0;
		};
/* End PBXResourcesBuildPhase section */

/* Begin PBXSourcesBuildPhase section */
		D9EBF2D5257555B900B1170C /* Sources */ = {
			isa = PBXSourcesBuildPhase;
			buildActionMask = 2147483647;
			files = (
				D9EBF2DF257555B900B1170C /* ContentView.swift in Sources */,
				D9FB4F8A258266F50060038A /* MainMenuView.swift in Sources */,
				D96DDB9D25792E6700906CEB /* DeckOfCardsView.swift in Sources */,
				D963CC422580127C000A498C /* DealtCardsDealerView.swift in Sources */,
				D963CC3F25800F47000A498C /* DealtCardsView.swift in Sources */,
				D9EBF2DD257555B900B1170C /* CardsApp.swift in Sources */,
				D96DDBA02579350500906CEB /* DrawnCardResponse.swift in Sources */,
			);
			runOnlyForDeploymentPostprocessing = 0;
		};
/* End PBXSourcesBuildPhase section */

/* Begin XCBuildConfiguration section */
		D9EBF2E6257555BC00B1170C /* Debug */ = {
			isa = XCBuildConfiguration;
			buildSettings = {
				ALWAYS_SEARCH_USER_PATHS = NO;
				CLANG_ANALYZER_NONNULL = YES;
				CLANG_ANALYZER_NUMBER_OBJECT_CONVERSION = YES_AGGRESSIVE;
				CLANG_CXX_LANGUAGE_STANDARD = "gnu++14";
				CLANG_CXX_LIBRARY = "libc++";
				CLANG_ENABLE_MODULES = YES;
				CLANG_ENABLE_OBJC_ARC = YES;
				CLANG_ENABLE_OBJC_WEAK = YES;
				CLANG_WARN_BLOCK_CAPTURE_AUTORELEASING = YES;
				CLANG_WARN_BOOL_CONVERSION = YES;
				CLANG_WARN_COMMA = YES;
				CLANG_WARN_CONSTANT_CONVERSION = YES;
				CLANG_WARN_DEPRECATED_OBJC_IMPLEMENTATIONS = YES;
				CLANG_WARN_DIRECT_OBJC_ISA_USAGE = YES_ERROR;
				CLANG_WARN_DOCUMENTATION_COMMENTS = YES;
				CLANG_WARN_EMPTY_BODY = YES;
				CLANG_WARN_ENUM_CONVERSION = YES;
				CLANG_WARN_INFINITE_RECURSION = YES;
				CLANG_WARN_INT_CONVERSION = YES;
				CLANG_WARN_NON_LITERAL_NULL_CONVERSION = YES;
				CLANG_WARN_OBJC_IMPLICIT_RETAIN_SELF = YES;
				CLANG_WARN_OBJC_LITERAL_CONVERSION = YES;
				CLANG_WARN_OBJC_ROOT_CLASS = YES_ERROR;
				CLANG_WARN_QUOTED_INCLUDE_IN_FRAMEWORK_HEADER = YES;
				CLANG_WARN_RANGE_LOOP_ANALYSIS = YES;
				CLANG_WARN_STRICT_PROTOTYPES = YES;
				CLANG_WARN_SUSPICIOUS_MOVE = YES;
				CLANG_WARN_UNGUARDED_AVAILABILITY = YES_AGGRESSIVE;
				CLANG_WARN_UNREACHABLE_CODE = YES;
				CLANG_WARN__DUPLICATE_METHOD_MATCH = YES;
				COPY_PHASE_STRIP = NO;
				DEBUG_INFORMATION_FORMAT = dwarf;
				ENABLE_STRICT_OBJC_MSGSEND = YES;
				ENABLE_TESTABILITY = YES;
				GCC_C_LANGUAGE_STANDARD = gnu11;
				GCC_DYNAMIC_NO_PIC = NO;
				GCC_NO_COMMON_BLOCKS = YES;
				GCC_OPTIMIZATION_LEVEL = 0;
				GCC_PREPROCESSOR_DEFINITIONS = (
					"DEBUG=1",
					"$(inherited)",
				);
				GCC_WARN_64_TO_32_BIT_CONVERSION = YES;
				GCC_WARN_ABOUT_RETURN_TYPE = YES_ERROR;
				GCC_WARN_UNDECLARED_SELECTOR = YES;
				GCC_WARN_UNINITIALIZED_AUTOS = YES_AGGRESSIVE;
				GCC_WARN_UNUSED_FUNCTION = YES;
				GCC_WARN_UNUSED_VARIABLE = YES;
				IPHONEOS_DEPLOYMENT_TARGET = 14.0;
				MTL_ENABLE_DEBUG_INFO = INCLUDE_SOURCE;
				MTL_FAST_MATH = YES;
				ONLY_ACTIVE_ARCH = YES;
				SDKROOT = iphoneos;
				SWIFT_ACTIVE_COMPILATION_CONDITIONS = DEBUG;
				SWIFT_OPTIMIZATION_LEVEL = "-Onone";
			};
			name = Debug;
		};
		D9EBF2E7257555BC00B1170C /* Release */ = {
			isa = XCBuildConfiguration;
			buildSettings = {
				ALWAYS_SEARCH_USER_PATHS = NO;
				CLANG_ANALYZER_NONNULL = YES;
				CLANG_ANALYZER_NUMBER_OBJECT_CONVERSION = YES_AGGRESSIVE;
				CLANG_CXX_LANGUAGE_STANDARD = "gnu++14";
				CLANG_CXX_LIBRARY = "libc++";
				CLANG_ENABLE_MODULES = YES;
				CLANG_ENABLE_OBJC_ARC = YES;
				CLANG_ENABLE_OBJC_WEAK = YES;
				CLANG_WARN_BLOCK_CAPTURE_AUTORELEASING = YES;
				CLANG_WARN_BOOL_CONVERSION = YES;
				CLANG_WARN_COMMA = YES;
				CLANG_WARN_CONSTANT_CONVERSION = YES;
				CLANG_WARN_DEPRECATED_OBJC_IMPLEMENTATIONS = YES;
				CLANG_WARN_DIRECT_OBJC_ISA_USAGE = YES_ERROR;
				CLANG_WARN_DOCUMENTATION_COMMENTS = YES;
				CLANG_WARN_EMPTY_BODY = YES;
				CLANG_WARN_ENUM_CONVERSION = YES;
				CLANG_WARN_INFINITE_RECURSION = YES;
				CLANG_WARN_INT_CONVERSION = YES;
				CLANG_WARN_NON_LITERAL_NULL_CONVERSION = YES;
				CLANG_WARN_OBJC_IMPLICIT_RETAIN_SELF = YES;
				CLANG_WARN_OBJC_LITERAL_CONVERSION = YES;
				CLANG_WARN_OBJC_ROOT_CLASS = YES_ERROR;
				CLANG_WARN_QUOTED_INCLUDE_IN_FRAMEWORK_HEADER = YES;
				CLANG_WARN_RANGE_LOOP_ANALYSIS = YES;
				CLANG_WARN_STRICT_PROTOTYPES = YES;
				CLANG_WARN_SUSPICIOUS_MOVE = YES;
				CLANG_WARN_UNGUARDED_AVAILABILITY = YES_AGGRESSIVE;
				CLANG_WARN_UNREACHABLE_CODE = YES;
				CLANG_WARN__DUPLICATE_METHOD_MATCH = YES;
				COPY_PHASE_STRIP = NO;
				DEBUG_INFORMATION_FORMAT = "dwarf-with-dsym";
				ENABLE_NS_ASSERTIONS = NO;
				ENABLE_STRICT_OBJC_MSGSEND = YES;
				GCC_C_LANGUAGE_STANDARD = gnu11;
				GCC_NO_COMMON_BLOCKS = YES;
				GCC_WARN_64_TO_32_BIT_CONVERSION = YES;
				GCC_WARN_ABOUT_RETURN_TYPE = YES_ERROR;
				GCC_WARN_UNDECLARED_SELECTOR = YES;
				GCC_WARN_UNINITIALIZED_AUTOS = YES_AGGRESSIVE;
				GCC_WARN_UNUSED_FUNCTION = YES;
				GCC_WARN_UNUSED_VARIABLE = YES;
				IPHONEOS_DEPLOYMENT_TARGET = 14.0;
				MTL_ENABLE_DEBUG_INFO = NO;
				MTL_FAST_MATH = YES;
				SDKROOT = iphoneos;
				SWIFT_COMPILATION_MODE = wholemodule;
				SWIFT_OPTIMIZATION_LEVEL = "-O";
				VALIDATE_PRODUCT = YES;
			};
			name = Release;
		};
		D9EBF2E9257555BC00B1170C /* Debug */ = {
			isa = XCBuildConfiguration;
			buildSettings = {
				ASSETCATALOG_COMPILER_APPICON_NAME = AppIcon;
				ASSETCATALOG_COMPILER_GLOBAL_ACCENT_COLOR_NAME = AccentColor;
				CODE_SIGN_STYLE = Automatic;
				DEVELOPMENT_ASSET_PATHS = "\"Cards/Preview Content\"";
				DEVELOPMENT_TEAM = 5MJ295G5NG;
				ENABLE_PREVIEWS = YES;
				INFOPLIST_FILE = Cards/Info.plist;
				IPHONEOS_DEPLOYMENT_TARGET = 14.0;
				LD_RUNPATH_SEARCH_PATHS = (
					"$(inherited)",
					"@executable_path/Frameworks",
				);
				PRODUCT_BUNDLE_IDENTIFIER = ca.abdulkhan.Cards;
				PRODUCT_NAME = "$(TARGET_NAME)";
				SWIFT_VERSION = 5.0;
				TARGETED_DEVICE_FAMILY = "1,2";
			};
			name = Debug;
		};
		D9EBF2EA257555BC00B1170C /* Release */ = {
			isa = XCBuildConfiguration;
			buildSettings = {
				ASSETCATALOG_COMPILER_APPICON_NAME = AppIcon;
				ASSETCATALOG_COMPILER_GLOBAL_ACCENT_COLOR_NAME = AccentColor;
				CODE_SIGN_STYLE = Automatic;
				DEVELOPMENT_ASSET_PATHS = "\"Cards/Preview Content\"";
				DEVELOPMENT_TEAM = 5MJ295G5NG;
				ENABLE_PREVIEWS = YES;
				INFOPLIST_FILE = Cards/Info.plist;
				IPHONEOS_DEPLOYMENT_TARGET = 14.0;
				LD_RUNPATH_SEARCH_PATHS = (
					"$(inherited)",
					"@executable_path/Frameworks",
				);
				PRODUCT_BUNDLE_IDENTIFIER = ca.abdulkhan.Cards;
				PRODUCT_NAME = "$(TARGET_NAME)";
				SWIFT_VERSION = 5.0;
				TARGETED_DEVICE_FAMILY = "1,2";
			};
			name = Release;
		};
/* End XCBuildConfiguration section */

/* Begin XCConfigurationList section */
		D9EBF2D4257555B900B1170C /* Build configuration list for PBXProject "Cards" */ = {
			isa = XCConfigurationList;
			buildConfigurations = (
				D9EBF2E6257555BC00B1170C /* Debug */,
				D9EBF2E7257555BC00B1170C /* Release */,
			);
			defaultConfigurationIsVisible = 0;
			defaultConfigurationName = Release;
		};
		D9EBF2E8257555BC00B1170C /* Build configuration list for PBXNativeTarget "Cards" */ = {
			isa = XCConfigurationList;
			buildConfigurations = (
				D9EBF2E9257555BC00B1170C /* Debug */,
				D9EBF2EA257555BC00B1170C /* Release */,
			);
			defaultConfigurationIsVisible = 0;
			defaultConfigurationName = Release;
		};
/* End XCConfigurationList section */
	};
	rootObject = D9EBF2D1257555B900B1170C /* Project object */;
}
